
Microsoft Visual Studio Solution File, Format Version 12.00
# Visual Studio Version 16
VisualStudioVersion = 16.0.29215.179
MinimumVisualStudioVersion = 10.0.40219.1
Project("{FAE04EC0-301F-11D3-BF4B-00C04F79EFBC}") = "Sheet2", "Sheet2\Sheet2.csproj", "{FF4C6309-CEF2-4D95-83BA-7004D2C32A9A}"
EndProject
Global
	GlobalSection(SolutionConfigurationPlatforms) = preSolution
		Debug|Any CPU = Debug|Any CPU
		Release|Any CPU = Release|Any CPU
	EndGlobalSection
	GlobalSection(ProjectConfigurationPlatforms) = postSolution
		{FF4C6309-CEF2-4D95-83BA-7004D2C32A9A}.Debug|Any CPU.ActiveCfg = Debug|Any CPU
		{FF4C6309-CEF2-4D95-83BA-7004D2C32A9A}.Debug|Any CPU.Build.0 = Debug|Any CPU
		{FF4C6309-CEF2-4D95-83BA-7004D2C32A9A}.Release|Any CPU.ActiveCfg = Release|Any CPU
		{FF4C6309-CEF2-4D95-83BA-7004D2C32A9A}.Release|Any CPU.Build.0 = Release|Any CPU
	EndGlobalSection
	GlobalSection(SolutionProperties) = preSolution
		HideSolutionNode = FALSE
	EndGlobalSection
	GlobalSection(ExtensibilityGlobals) = postSolution
		SolutionGuid = {279D7D04-3EE5-46D6-B3BF-E872B4ABF3EB}
	EndGlobalSection
EndGlobal
